# This file was autogenerated by Stack.
# You should not edit this file by hand.
# For more information, please see the documentation at:
#   https://docs.haskellstack.org/en/stable/lock_files

packages:
- completed:
    hackage: stm-2.5.1.0@sha256:7906fe34eac27c6a81a5980c2ec45eab7876494961820dfd3aa770e0d02a0373,2395
    pantry-tree:
      sha256: e4cc09c1ba6a2b9583ff79ad67e422d91e0edd30ce5250b009412dc175a8639a
      size: 1392
  original:
    hackage: stm-2.5.1.0
- completed:
    hackage: network-3.1.4.0@sha256:d50e055f45bd09a8238200ec64ffa0f17492c32cdb5807487894388ce1c2f839,5186
    pantry-tree:
      sha256: b8307960df0995ffc0d06c4c536d7b2fb2da4af8ff1e99575ca058b68ea8c5f8
      size: 3977
  original:
    hackage: network-3.1.4.0
snapshots:
- completed:
    sha256: c4381351ba5837a6356fcc0ebeb7a61fdcaf3a085c903a6f730f56b131d5cb58
    size: 639143
    url: https://raw.githubusercontent.com/commercialhaskell/stackage-snapshots/master/lts/21/1.yaml
  original:
    url: https://raw.githubusercontent.com/commercialhaskell/stackage-snapshots/master/lts/21/1.yaml
